
Microsoft Visual Studio Solution File, Format Version 12.00
# Visual Studio 14
VisualStudioVersion = 14.0.25420.1
MinimumVisualStudioVersion = 10.0.40219.1
Project("{FAE04EC0-301F-11D3-BF4B-00C04F79EFBC}") = "Array_Products", "Code_Challanges\Array_Products.csproj", "{19638E6C-1D92-46FC-AD92-E6B889409B20}"
EndProject
Project("{2150E333-8FDC-42A3-9474-1A3956D46DE8}") = "Interview Cake", "Interview Cake", "{93E56B51-E409-4A97-8279-DBA85F9858AC}"
EndProject
Project("{FAE04EC0-301F-11D3-BF4B-00C04F79EFBC}") = "Trading_Apple_Stocks", "Trading_Apple_Stocks\Trading_Apple_Stocks.csproj", "{728BB108-C097-4EAF-9EA9-8FC35795C183}"
EndProject
Global
	GlobalSection(SolutionConfigurationPlatforms) = preSolution
		Debug|Any CPU = Debug|Any CPU
		Release|Any CPU = Release|Any CPU
	EndGlobalSection
	GlobalSection(ProjectConfigurationPlatforms) = postSolution
		{19638E6C-1D92-46FC-AD92-E6B889409B20}.Debug|Any CPU.ActiveCfg = Debug|Any CPU
		{19638E6C-1D92-46FC-AD92-E6B889409B20}.Debug|Any CPU.Build.0 = Debug|Any CPU
		{19638E6C-1D92-46FC-AD92-E6B889409B20}.Release|Any CPU.ActiveCfg = Release|Any CPU
		{19638E6C-1D92-46FC-AD92-E6B889409B20}.Release|Any CPU.Build.0 = Release|Any CPU
		{728BB108-C097-4EAF-9EA9-8FC35795C183}.Debug|Any CPU.ActiveCfg = Debug|Any CPU
		{728BB108-C097-4EAF-9EA9-8FC35795C183}.Debug|Any CPU.Build.0 = Debug|Any CPU
		{728BB108-C097-4EAF-9EA9-8FC35795C183}.Release|Any CPU.ActiveCfg = Release|Any CPU
		{728BB108-C097-4EAF-9EA9-8FC35795C183}.Release|Any CPU.Build.0 = Release|Any CPU
	EndGlobalSection
	GlobalSection(SolutionProperties) = preSolution
		HideSolutionNode = FALSE
	EndGlobalSection
	GlobalSection(NestedProjects) = preSolution
		{19638E6C-1D92-46FC-AD92-E6B889409B20} = {93E56B51-E409-4A97-8279-DBA85F9858AC}
		{728BB108-C097-4EAF-9EA9-8FC35795C183} = {93E56B51-E409-4A97-8279-DBA85F9858AC}
	EndGlobalSection
EndGlobal
